
Microsoft Visual Studio Solution File, Format Version 12.00
# Visual Studio 14
VisualStudioVersion = 14.0.22013.1
MinimumVisualStudioVersion = 10.0.40219.1
Project("{FAE04EC0-301F-11D3-BF4B-00C04F79EFBC}") = "Extensions", "Extensions\Extensions.csproj", "{895AC26E-777D-4BF9-8968-D28DC85E58FF}"
EndProject
Project("{FAE04EC0-301F-11D3-BF4B-00C04F79EFBC}") = "UnitTest", "UnitTest\UnitTest.csproj", "{766A29B1-F278-4639-9772-3FBAE8F5FEA6}"
EndProject
Global
	GlobalSection(SolutionConfigurationPlatforms) = preSolution
		Debug|Any CPU = Debug|Any CPU
		Release|Any CPU = Release|Any CPU
	EndGlobalSection
	GlobalSection(ProjectConfigurationPlatforms) = postSolution
		{895AC26E-777D-4BF9-8968-D28DC85E58FF}.Debug|Any CPU.ActiveCfg = Debug|Any CPU
		{895AC26E-777D-4BF9-8968-D28DC85E58FF}.Debug|Any CPU.Build.0 = Debug|Any CPU
		{895AC26E-777D-4BF9-8968-D28DC85E58FF}.Release|Any CPU.ActiveCfg = Release|Any CPU
		{895AC26E-777D-4BF9-8968-D28DC85E58FF}.Release|Any CPU.Build.0 = Release|Any CPU
		{766A29B1-F278-4639-9772-3FBAE8F5FEA6}.Debug|Any CPU.ActiveCfg = Debug|Any CPU
		{766A29B1-F278-4639-9772-3FBAE8F5FEA6}.Debug|Any CPU.Build.0 = Debug|Any CPU
		{766A29B1-F278-4639-9772-3FBAE8F5FEA6}.Release|Any CPU.ActiveCfg = Release|Any CPU
		{766A29B1-F278-4639-9772-3FBAE8F5FEA6}.Release|Any CPU.Build.0 = Release|Any CPU
	EndGlobalSection
	GlobalSection(SolutionProperties) = preSolution
		HideSolutionNode = FALSE
	EndGlobalSection
EndGlobal
